
Microsoft Visual Studio Solution File, Format Version 12.00
# Visual Studio Version 16
VisualStudioVersion = 16.0.30011.22
MinimumVisualStudioVersion = 10.0.40219.1
Project("{FAE04EC0-301F-11D3-BF4B-00C04F79EFBC}") = "VimPractice", "VimPractice\VimPractice.csproj", "{F5F401AA-62AD-43FC-9F57-A3FEDD0B302D}"
EndProject
Global
	GlobalSection(SolutionConfigurationPlatforms) = preSolution
		Debug|Any CPU = Debug|Any CPU
		Release|Any CPU = Release|Any CPU
	EndGlobalSection
	GlobalSection(ProjectConfigurationPlatforms) = postSolution
		{F5F401AA-62AD-43FC-9F57-A3FEDD0B302D}.Debug|Any CPU.ActiveCfg = Debug|Any CPU
		{F5F401AA-62AD-43FC-9F57-A3FEDD0B302D}.Debug|Any CPU.Build.0 = Debug|Any CPU
		{F5F401AA-62AD-43FC-9F57-A3FEDD0B302D}.Release|Any CPU.ActiveCfg = Release|Any CPU
		{F5F401AA-62AD-43FC-9F57-A3FEDD0B302D}.Release|Any CPU.Build.0 = Release|Any CPU
	EndGlobalSection
	GlobalSection(SolutionProperties) = preSolution
		HideSolutionNode = FALSE
	EndGlobalSection
	GlobalSection(ExtensibilityGlobals) = postSolution
		SolutionGuid = {32CAA3F5-77C6-4E91-B57F-AAAA9AE71F75}
	EndGlobalSection
EndGlobal
